
Microsoft Visual Studio Solution File, Format Version 12.00
# Visual Studio Version 16
VisualStudioVersion = 16.0.30621.155
MinimumVisualStudioVersion = 10.0.40219.1
Project("{FAE04EC0-301F-11D3-BF4B-00C04F79EFBC}") = "ConsoleApp23", "ConsoleApp23.csproj", "{15691EB3-F305-42E1-9731-8940527429C3}"
EndProject
Global
	GlobalSection(SolutionConfigurationPlatforms) = preSolution
		Debug|Any CPU = Debug|Any CPU
		Release|Any CPU = Release|Any CPU
	EndGlobalSection
	GlobalSection(ProjectConfigurationPlatforms) = postSolution
		{15691EB3-F305-42E1-9731-8940527429C3}.Debug|Any CPU.ActiveCfg = Debug|Any CPU
		{15691EB3-F305-42E1-9731-8940527429C3}.Debug|Any CPU.Build.0 = Debug|Any CPU
		{15691EB3-F305-42E1-9731-8940527429C3}.Release|Any CPU.ActiveCfg = Release|Any CPU
		{15691EB3-F305-42E1-9731-8940527429C3}.Release|Any CPU.Build.0 = Release|Any CPU
	EndGlobalSection
	GlobalSection(SolutionProperties) = preSolution
		HideSolutionNode = FALSE
	EndGlobalSection
	GlobalSection(ExtensibilityGlobals) = postSolution
		SolutionGuid = {2C1368F1-D2CF-4330-8671-DC77BC170126}
	EndGlobalSection
EndGlobal
